
Microsoft Visual Studio Solution File, Format Version 12.00
# Visual Studio 15
VisualStudioVersion = 15.0.27130.0
MinimumVisualStudioVersion = 10.0.40219.1
Project("{FAE04EC0-301F-11D3-BF4B-00C04F79EFBC}") = "SleepPreventer", "SleepPreventer\SleepPreventer.csproj", "{12491E3D-1415-4331-8592-A83DC8973DAB}"
EndProject
Global
	GlobalSection(SolutionConfigurationPlatforms) = preSolution
		Debug|Any CPU = Debug|Any CPU
		Release|Any CPU = Release|Any CPU
	EndGlobalSection
	GlobalSection(ProjectConfigurationPlatforms) = postSolution
		{12491E3D-1415-4331-8592-A83DC8973DAB}.Debug|Any CPU.ActiveCfg = Debug|Any CPU
		{12491E3D-1415-4331-8592-A83DC8973DAB}.Debug|Any CPU.Build.0 = Debug|Any CPU
		{12491E3D-1415-4331-8592-A83DC8973DAB}.Release|Any CPU.ActiveCfg = Release|Any CPU
		{12491E3D-1415-4331-8592-A83DC8973DAB}.Release|Any CPU.Build.0 = Release|Any CPU
	EndGlobalSection
	GlobalSection(SolutionProperties) = preSolution
		HideSolutionNode = FALSE
	EndGlobalSection
	GlobalSection(ExtensibilityGlobals) = postSolution
		SolutionGuid = {99548143-DE52-48DE-8F59-C01668D67399}
	EndGlobalSection
EndGlobal
